
Microsoft Visual Studio Solution File, Format Version 12.00
# Visual Studio Version 17
VisualStudioVersion = 17.5.002.0
MinimumVisualStudioVersion = 10.0.40219.1
Project("{9A19103F-16F7-4668-BE54-9A1E7A4F7556}") = "WebAPI", "WebAPI.csproj", "{20D74703-3D1E-474A-8F87-AAF9A793DBAF}"
EndProject
Global
	GlobalSection(SolutionConfigurationPlatforms) = preSolution
		Debug|Any CPU = Debug|Any CPU
		Release|Any CPU = Release|Any CPU
	EndGlobalSection
	GlobalSection(ProjectConfigurationPlatforms) = postSolution
		{20D74703-3D1E-474A-8F87-AAF9A793DBAF}.Debug|Any CPU.ActiveCfg = Debug|Any CPU
		{20D74703-3D1E-474A-8F87-AAF9A793DBAF}.Debug|Any CPU.Build.0 = Debug|Any CPU
		{20D74703-3D1E-474A-8F87-AAF9A793DBAF}.Release|Any CPU.ActiveCfg = Release|Any CPU
		{20D74703-3D1E-474A-8F87-AAF9A793DBAF}.Release|Any CPU.Build.0 = Release|Any CPU
	EndGlobalSection
	GlobalSection(SolutionProperties) = preSolution
		HideSolutionNode = FALSE
	EndGlobalSection
	GlobalSection(ExtensibilityGlobals) = postSolution
		SolutionGuid = {4A1A3835-702B-4298-B009-37A552A7C121}
	EndGlobalSection
EndGlobal
